
Microsoft Visual Studio Solution File, Format Version 12.00
# Visual Studio Version 16
VisualStudioVersion = 16.0.30114.105
MinimumVisualStudioVersion = 10.0.40219.1
Project("{FAE04EC0-301F-11D3-BF4B-00C04F79EFBC}") = "WebAPI", "WebAPI\WebAPI.csproj", "{E4C3454D-3C42-469E-877E-7E0B07069E12}"
EndProject
Project("{FAE04EC0-301F-11D3-BF4B-00C04F79EFBC}") = "WebAPI.Test", "..\tests\WebAPI.Test\WebAPI.Test.csproj", "{3AABC5E5-04C1-4BB8-B8BF-56AE34872AD6}"
EndProject
Project("{FAE04EC0-301F-11D3-BF4B-00C04F79EFBC}") = "Shared", "Shared\Shared.csproj", "{B11A26CE-7850-46B4-945B-92C5D0D723A3}"
EndProject
Global
	GlobalSection(SolutionConfigurationPlatforms) = preSolution
		Debug|Any CPU = Debug|Any CPU
		Debug|x64 = Debug|x64
		Debug|x86 = Debug|x86
		Release|Any CPU = Release|Any CPU
		Release|x64 = Release|x64
		Release|x86 = Release|x86
	EndGlobalSection
	GlobalSection(SolutionProperties) = preSolution
		HideSolutionNode = FALSE
	EndGlobalSection
	GlobalSection(ProjectConfigurationPlatforms) = postSolution
		{E4C3454D-3C42-469E-877E-7E0B07069E12}.Debug|Any CPU.ActiveCfg = Debug|Any CPU
		{E4C3454D-3C42-469E-877E-7E0B07069E12}.Debug|Any CPU.Build.0 = Debug|Any CPU
		{E4C3454D-3C42-469E-877E-7E0B07069E12}.Debug|x64.ActiveCfg = Debug|Any CPU
		{E4C3454D-3C42-469E-877E-7E0B07069E12}.Debug|x64.Build.0 = Debug|Any CPU
		{E4C3454D-3C42-469E-877E-7E0B07069E12}.Debug|x86.ActiveCfg = Debug|Any CPU
		{E4C3454D-3C42-469E-877E-7E0B07069E12}.Debug|x86.Build.0 = Debug|Any CPU
		{E4C3454D-3C42-469E-877E-7E0B07069E12}.Release|Any CPU.ActiveCfg = Release|Any CPU
		{E4C3454D-3C42-469E-877E-7E0B07069E12}.Release|Any CPU.Build.0 = Release|Any CPU
		{E4C3454D-3C42-469E-877E-7E0B07069E12}.Release|x64.ActiveCfg = Release|Any CPU
		{E4C3454D-3C42-469E-877E-7E0B07069E12}.Release|x64.Build.0 = Release|Any CPU
		{E4C3454D-3C42-469E-877E-7E0B07069E12}.Release|x86.ActiveCfg = Release|Any CPU
		{E4C3454D-3C42-469E-877E-7E0B07069E12}.Release|x86.Build.0 = Release|Any CPU
		{3AABC5E5-04C1-4BB8-B8BF-56AE34872AD6}.Debug|Any CPU.ActiveCfg = Debug|Any CPU
		{3AABC5E5-04C1-4BB8-B8BF-56AE34872AD6}.Debug|Any CPU.Build.0 = Debug|Any CPU
		{3AABC5E5-04C1-4BB8-B8BF-56AE34872AD6}.Debug|x64.ActiveCfg = Debug|Any CPU
		{3AABC5E5-04C1-4BB8-B8BF-56AE34872AD6}.Debug|x64.Build.0 = Debug|Any CPU
		{3AABC5E5-04C1-4BB8-B8BF-56AE34872AD6}.Debug|x86.ActiveCfg = Debug|Any CPU
		{3AABC5E5-04C1-4BB8-B8BF-56AE34872AD6}.Debug|x86.Build.0 = Debug|Any CPU
		{3AABC5E5-04C1-4BB8-B8BF-56AE34872AD6}.Release|Any CPU.ActiveCfg = Release|Any CPU
		{3AABC5E5-04C1-4BB8-B8BF-56AE34872AD6}.Release|Any CPU.Build.0 = Release|Any CPU
		{3AABC5E5-04C1-4BB8-B8BF-56AE34872AD6}.Release|x64.ActiveCfg = Release|Any CPU
		{3AABC5E5-04C1-4BB8-B8BF-56AE34872AD6}.Release|x64.Build.0 = Release|Any CPU
		{3AABC5E5-04C1-4BB8-B8BF-56AE34872AD6}.Release|x86.ActiveCfg = Release|Any CPU
		{3AABC5E5-04C1-4BB8-B8BF-56AE34872AD6}.Release|x86.Build.0 = Release|Any CPU
		{B11A26CE-7850-46B4-945B-92C5D0D723A3}.Debug|Any CPU.ActiveCfg = Debug|Any CPU
		{B11A26CE-7850-46B4-945B-92C5D0D723A3}.Debug|Any CPU.Build.0 = Debug|Any CPU
		{B11A26CE-7850-46B4-945B-92C5D0D723A3}.Debug|x64.ActiveCfg = Debug|Any CPU
		{B11A26CE-7850-46B4-945B-92C5D0D723A3}.Debug|x64.Build.0 = Debug|Any CPU
		{B11A26CE-7850-46B4-945B-92C5D0D723A3}.Debug|x86.ActiveCfg = Debug|Any CPU
		{B11A26CE-7850-46B4-945B-92C5D0D723A3}.Debug|x86.Build.0 = Debug|Any CPU
		{B11A26CE-7850-46B4-945B-92C5D0D723A3}.Release|Any CPU.ActiveCfg = Release|Any CPU
		{B11A26CE-7850-46B4-945B-92C5D0D723A3}.Release|Any CPU.Build.0 = Release|Any CPU
		{B11A26CE-7850-46B4-945B-92C5D0D723A3}.Release|x64.ActiveCfg = Release|Any CPU
		{B11A26CE-7850-46B4-945B-92C5D0D723A3}.Release|x64.Build.0 = Release|Any CPU
		{B11A26CE-7850-46B4-945B-92C5D0D723A3}.Release|x86.ActiveCfg = Release|Any CPU
		{B11A26CE-7850-46B4-945B-92C5D0D723A3}.Release|x86.Build.0 = Release|Any CPU
	EndGlobalSection
EndGlobal
